
Microsoft Visual Studio Solution File, Format Version 12.00
# Visual Studio 15
VisualStudioVersion = 15.0.27130.2003
MinimumVisualStudioVersion = 10.0.40219.1
Project("{FAE04EC0-301F-11D3-BF4B-00C04F79EFBC}") = "NailsTest", "NailsTest\NailsTest.csproj", "{C216CD28-0266-40DC-ADC7-C1CAB585A6A3}"
EndProject
Project("{FAE04EC0-301F-11D3-BF4B-00C04F79EFBC}") = "NailsLib", "NailsLib\NailsLib.csproj", "{65169304-0460-4B0D-9C01-42D7F6ACD388}"
EndProject
Project("{FAE04EC0-301F-11D3-BF4B-00C04F79EFBC}") = "Alife", "Alife\Alife.csproj", "{8FC675AF-31EF-483B-9042-D4BB477B88C5}"
EndProject
Project("{FAE04EC0-301F-11D3-BF4B-00C04F79EFBC}") = "NailsCmd", "NailsCmd\NailsCmd.csproj", "{4889E07F-F3F1-4CC8-B155-93742EB774D3}"
EndProject
Global
	GlobalSection(SolutionConfigurationPlatforms) = preSolution
		Debug|Any CPU = Debug|Any CPU
		Release|Any CPU = Release|Any CPU
	EndGlobalSection
	GlobalSection(ProjectConfigurationPlatforms) = postSolution
		{C216CD28-0266-40DC-ADC7-C1CAB585A6A3}.Debug|Any CPU.ActiveCfg = Debug|Any CPU
		{C216CD28-0266-40DC-ADC7-C1CAB585A6A3}.Debug|Any CPU.Build.0 = Debug|Any CPU
		{C216CD28-0266-40DC-ADC7-C1CAB585A6A3}.Release|Any CPU.ActiveCfg = Release|Any CPU
		{C216CD28-0266-40DC-ADC7-C1CAB585A6A3}.Release|Any CPU.Build.0 = Release|Any CPU
		{65169304-0460-4B0D-9C01-42D7F6ACD388}.Debug|Any CPU.ActiveCfg = Debug|Any CPU
		{65169304-0460-4B0D-9C01-42D7F6ACD388}.Debug|Any CPU.Build.0 = Debug|Any CPU
		{65169304-0460-4B0D-9C01-42D7F6ACD388}.Release|Any CPU.ActiveCfg = Release|Any CPU
		{65169304-0460-4B0D-9C01-42D7F6ACD388}.Release|Any CPU.Build.0 = Release|Any CPU
		{8FC675AF-31EF-483B-9042-D4BB477B88C5}.Debug|Any CPU.ActiveCfg = Debug|Any CPU
		{8FC675AF-31EF-483B-9042-D4BB477B88C5}.Debug|Any CPU.Build.0 = Debug|Any CPU
		{8FC675AF-31EF-483B-9042-D4BB477B88C5}.Release|Any CPU.ActiveCfg = Release|Any CPU
		{8FC675AF-31EF-483B-9042-D4BB477B88C5}.Release|Any CPU.Build.0 = Release|Any CPU
		{4889E07F-F3F1-4CC8-B155-93742EB774D3}.Debug|Any CPU.ActiveCfg = Debug|Any CPU
		{4889E07F-F3F1-4CC8-B155-93742EB774D3}.Debug|Any CPU.Build.0 = Debug|Any CPU
		{4889E07F-F3F1-4CC8-B155-93742EB774D3}.Release|Any CPU.ActiveCfg = Release|Any CPU
		{4889E07F-F3F1-4CC8-B155-93742EB774D3}.Release|Any CPU.Build.0 = Release|Any CPU
	EndGlobalSection
	GlobalSection(SolutionProperties) = preSolution
		HideSolutionNode = FALSE
	EndGlobalSection
	GlobalSection(ExtensibilityGlobals) = postSolution
		SolutionGuid = {2D6EBDA3-551D-4E03-893E-2642BE32EAA9}
	EndGlobalSection
EndGlobal
